{
  "version": 4,
  "terraform_version": "1.7.1",
  "serial": 32,
  "lineage": "fe3e6f87-1f4d-e28d-56c1-b3bd5af250aa",
  "outputs": {},
  "resources": [
    {
      "mode": "managed",
      "type": "github_repository_collaborator",
      "name": "nous",
      "provider": "provider[\"registry.terraform.io/hashicorp/github\"]",
      "instances": [
        {
          "index_key": "DylanObs",
          "schema_version": 0,
          "attributes": {
            "id": "o-clock-hati/hati-terraform-novms:DylanObs",
            "invitation_id": "244849696",
            "permission": "admin",
            "permission_diff_suppression": false,
            "repository": "o-clock-hati/hati-terraform-novms",
            "username": "DylanObs"
          },
          "sensitive_attributes": [],
          "private": "bnVsbA=="
        },
        {
          "index_key": "MelkiBenjamin",
          "schema_version": 0,
          "attributes": {
            "id": "o-clock-hati/hati-terraform-novms:MelkiBenjamin",
            "invitation_id": "244849668",
            "permission": "admin",
            "permission_diff_suppression": false,
            "repository": "o-clock-hati/hati-terraform-novms",
            "username": "MelkiBenjamin"
          },
          "sensitive_attributes": [],
          "private": "bnVsbA=="
        },
        {
          "index_key": "a2b78",
          "schema_version": 0,
          "attributes": {
            "id": "o-clock-hati/hati-terraform-novms:a2b78",
            "invitation_id": "244849684",
            "permission": "admin",
            "permission_diff_suppression": false,
            "repository": "o-clock-hati/hati-terraform-novms",
            "username": "A2B78"
          },
          "sensitive_attributes": [],
          "private": "bnVsbA=="
        },
        {
          "index_key": "ahmedabbas91",
          "schema_version": 0,
          "attributes": {
            "id": "o-clock-hati/hati-terraform-novms:ahmedabbas91",
            "invitation_id": "244849678",
            "permission": "admin",
            "permission_diff_suppression": false,
            "repository": "o-clock-hati/hati-terraform-novms",
            "username": "AhmedAbbas91"
          },
          "sensitive_attributes": [],
          "private": "bnVsbA=="
        },
        {
          "index_key": "chris1man1",
          "schema_version": 0,
          "attributes": {
            "id": "o-clock-hati/hati-terraform-novms:chris1man1",
            "invitation_id": "244849694",
            "permission": "admin",
            "permission_diff_suppression": false,
            "repository": "o-clock-hati/hati-terraform-novms",
            "username": "Chris1man1"
          },
          "sensitive_attributes": [],
          "private": "bnVsbA=="
        },
        {
          "index_key": "damien-petit-thomas",
          "schema_version": 0,
          "attributes": {
            "id": "o-clock-hati/hati-terraform-novms:damien-petit-thomas",
            "invitation_id": "244849666",
            "permission": "admin",
            "permission_diff_suppression": false,
            "repository": "o-clock-hati/hati-terraform-novms",
            "username": "Damien-Petit-Thomas"
          },
          "sensitive_attributes": [],
          "private": "bnVsbA=="
        },
        {
          "index_key": "dougkb",
          "schema_version": 0,
          "attributes": {
            "id": "o-clock-hati/hati-terraform-novms:dougkb",
            "invitation_id": "244849699",
            "permission": "admin",
            "permission_diff_suppression": false,
            "repository": "o-clock-hati/hati-terraform-novms",
            "username": "dougkb"
          },
          "sensitive_attributes": [],
          "private": "bnVsbA=="
        },
        {
          "index_key": "ggouello75",
          "schema_version": 0,
          "attributes": {
            "id": "o-clock-hati/hati-terraform-novms:ggouello75",
            "invitation_id": "244849690",
            "permission": "admin",
            "permission_diff_suppression": false,
            "repository": "o-clock-hati/hati-terraform-novms",
            "username": "ggouello75"
          },
          "sensitive_attributes": [],
          "private": "bnVsbA=="
        },
        {
          "index_key": "guithi0777",
          "schema_version": 0,
          "attributes": {
            "id": "o-clock-hati/hati-terraform-novms:guithi0777",
            "invitation_id": "244849692",
            "permission": "admin",
            "permission_diff_suppression": false,
            "repository": "o-clock-hati/hati-terraform-novms",
            "username": "Guithi0777"
          },
          "sensitive_attributes": [],
          "private": "bnVsbA=="
        },
        {
          "index_key": "jenne9",
          "schema_version": 0,
          "attributes": {
            "id": "o-clock-hati/hati-terraform-novms:jenne9",
            "invitation_id": "244849673",
            "permission": "admin",
            "permission_diff_suppression": false,
            "repository": "o-clock-hati/hati-terraform-novms",
            "username": "Jenne9"
          },
          "sensitive_attributes": [],
          "private": "bnVsbA=="
        },
        {
          "index_key": "junta9",
          "schema_version": 0,
          "attributes": {
            "id": "o-clock-hati/hati-terraform-novms:junta9",
            "invitation_id": "244849662",
            "permission": "admin",
            "permission_diff_suppression": false,
            "repository": "o-clock-hati/hati-terraform-novms",
            "username": "junta9"
          },
          "sensitive_attributes": [],
          "private": "bnVsbA=="
        },
        {
          "index_key": "katarzyna-da-silva",
          "schema_version": 0,
          "attributes": {
            "id": "o-clock-hati/hati-terraform-novms:katarzyna-da-silva",
            "invitation_id": "244849676",
            "permission": "admin",
            "permission_diff_suppression": false,
            "repository": "o-clock-hati/hati-terraform-novms",
            "username": "katarzyna-da-silva"
          },
          "sensitive_attributes": [],
          "private": "bnVsbA=="
        },
        {
          "index_key": "kuent1",
          "schema_version": 0,
          "attributes": {
            "id": "o-clock-hati/hati-terraform-novms:kuent1",
            "invitation_id": "244850079",
            "permission": "admin",
            "permission_diff_suppression": false,
            "repository": "o-clock-hati/hati-terraform-novms",
            "username": "Kuent1"
          },
          "sensitive_attributes": [],
          "private": "bnVsbA=="
        },
        {
          "index_key": "letsgo42",
          "schema_version": 0,
          "attributes": {
            "id": "o-clock-hati/hati-terraform-novms:letsgo42",
            "invitation_id": "244849675",
            "permission": "admin",
            "permission_diff_suppression": false,
            "repository": "o-clock-hati/hati-terraform-novms",
            "username": "Letsgo42"
          },
          "sensitive_attributes": [],
          "private": "bnVsbA=="
        },
        {
          "index_key": "lnebilos",
          "schema_version": 0,
          "attributes": {
            "id": "o-clock-hati/hati-terraform-novms:lnebilos",
            "invitation_id": "244849682",
            "permission": "admin",
            "permission_diff_suppression": false,
            "repository": "o-clock-hati/hati-terraform-novms",
            "username": "Lnebilos"
          },
          "sensitive_attributes": [],
          "private": "bnVsbA=="
        },
        {
          "index_key": "marvinzugpro",
          "schema_version": 0,
          "attributes": {
            "id": "o-clock-hati/hati-terraform-novms:marvinzugpro",
            "invitation_id": "244849698",
            "permission": "admin",
            "permission_diff_suppression": false,
            "repository": "o-clock-hati/hati-terraform-novms",
            "username": "MarvinZugpro"
          },
          "sensitive_attributes": [],
          "private": "bnVsbA=="
        },
        {
          "index_key": "nassimkhal",
          "schema_version": 0,
          "attributes": {
            "id": "o-clock-hati/hati-terraform-novms:nassimkhal",
            "invitation_id": "244849654",
            "permission": "admin",
            "permission_diff_suppression": false,
            "repository": "o-clock-hati/hati-terraform-novms",
            "username": "NassimKhal"
          },
          "sensitive_attributes": [],
          "private": "bnVsbA=="
        },
        {
          "index_key": "nicodev28",
          "schema_version": 0,
          "attributes": {
            "id": "o-clock-hati/hati-terraform-novms:nicodev28",
            "invitation_id": "244849658",
            "permission": "admin",
            "permission_diff_suppression": false,
            "repository": "o-clock-hati/hati-terraform-novms",
            "username": "nicodev28"
          },
          "sensitive_attributes": [],
          "private": "bnVsbA=="
        },
        {
          "index_key": "niniaa-fatimaezzahraa",
          "schema_version": 0,
          "attributes": {
            "id": "o-clock-hati/hati-terraform-novms:niniaa-fatimaezzahraa",
            "invitation_id": "244849651",
            "permission": "admin",
            "permission_diff_suppression": false,
            "repository": "o-clock-hati/hati-terraform-novms",
            "username": "NINIAA-fatimaezzahraa"
          },
          "sensitive_attributes": [],
          "private": "bnVsbA=="
        },
        {
          "index_key": "nunomars",
          "schema_version": 0,
          "attributes": {
            "id": "o-clock-hati/hati-terraform-novms:nunomars",
            "invitation_id": "244849660",
            "permission": "admin",
            "permission_diff_suppression": false,
            "repository": "o-clock-hati/hati-terraform-novms",
            "username": "NunoMars"
          },
          "sensitive_attributes": [],
          "private": "bnVsbA=="
        },
        {
          "index_key": "sameddemet",
          "schema_version": 0,
          "attributes": {
            "id": "o-clock-hati/hati-terraform-novms:sameddemet",
            "invitation_id": "244849656",
            "permission": "admin",
            "permission_diff_suppression": false,
            "repository": "o-clock-hati/hati-terraform-novms",
            "username": "sameddemet"
          },
          "sensitive_attributes": [],
          "private": "bnVsbA=="
        },
        {
          "index_key": "seb770",
          "schema_version": 0,
          "attributes": {
            "id": "o-clock-hati/hati-terraform-novms:seb770",
            "invitation_id": "244849703",
            "permission": "admin",
            "permission_diff_suppression": false,
            "repository": "o-clock-hati/hati-terraform-novms",
            "username": "Seb770"
          },
          "sensitive_attributes": [],
          "private": "bnVsbA=="
        }
      ]
    }
  ],
  "check_results": null
}
